
Microsoft Visual Studio Solution File, Format Version 12.00
# Visual Studio Version 17
VisualStudioVersion = 17.11.35312.102
MinimumVisualStudioVersion = 10.0.40219.1
Project("{9A19103F-16F7-4668-BE54-9A1E7A4F7556}") = "inlabdbproj", "inlabdbproj\inlabdbproj.csproj", "{59A0B70A-DD24-4185-9459-F820C612BC6E}"
EndProject
Global
	GlobalSection(SolutionConfigurationPlatforms) = preSolution
		Debug|Any CPU = Debug|Any CPU
		Release|Any CPU = Release|Any CPU
	EndGlobalSection
	GlobalSection(ProjectConfigurationPlatforms) = postSolution
		{59A0B70A-DD24-4185-9459-F820C612BC6E}.Debug|Any CPU.ActiveCfg = Debug|Any CPU
		{59A0B70A-DD24-4185-9459-F820C612BC6E}.Debug|Any CPU.Build.0 = Debug|Any CPU
		{59A0B70A-DD24-4185-9459-F820C612BC6E}.Release|Any CPU.ActiveCfg = Release|Any CPU
		{59A0B70A-DD24-4185-9459-F820C612BC6E}.Release|Any CPU.Build.0 = Release|Any CPU
	EndGlobalSection
	GlobalSection(SolutionProperties) = preSolution
		HideSolutionNode = FALSE
	EndGlobalSection
	GlobalSection(ExtensibilityGlobals) = postSolution
		SolutionGuid = {5513FFA7-6602-4F46-BE48-63B691825A6E}
	EndGlobalSection
EndGlobal
